
Microsoft Visual Studio Solution File, Format Version 12.00
# Visual Studio Version 17
VisualStudioVersion = 17.1.32210.238
MinimumVisualStudioVersion = 10.0.40219.1
Project("{FAE04EC0-301F-11D3-BF4B-00C04F79EFBC}") = "InterfacesExercicioResolvido", "InterfacesExercicioResolvido\InterfacesExercicioResolvido.csproj", "{0593D001-5EA4-4F82-A59B-A86BF96B826C}"
EndProject
Global
	GlobalSection(SolutionConfigurationPlatforms) = preSolution
		Debug|Any CPU = Debug|Any CPU
		Release|Any CPU = Release|Any CPU
	EndGlobalSection
	GlobalSection(ProjectConfigurationPlatforms) = postSolution
		{0593D001-5EA4-4F82-A59B-A86BF96B826C}.Debug|Any CPU.ActiveCfg = Debug|Any CPU
		{0593D001-5EA4-4F82-A59B-A86BF96B826C}.Debug|Any CPU.Build.0 = Debug|Any CPU
		{0593D001-5EA4-4F82-A59B-A86BF96B826C}.Release|Any CPU.ActiveCfg = Release|Any CPU
		{0593D001-5EA4-4F82-A59B-A86BF96B826C}.Release|Any CPU.Build.0 = Release|Any CPU
	EndGlobalSection
	GlobalSection(SolutionProperties) = preSolution
		HideSolutionNode = FALSE
	EndGlobalSection
	GlobalSection(ExtensibilityGlobals) = postSolution
		SolutionGuid = {C6E5908C-EC2D-4A69-AE50-AED2F56195B8}
	EndGlobalSection
EndGlobal
